
Microsoft Visual Studio Solution File, Format Version 12.00
# Visual Studio Version 17
VisualStudioVersion = 17.4.33205.214
MinimumVisualStudioVersion = 10.0.40219.1
Project("{9A19103F-16F7-4668-BE54-9A1E7A4F7556}") = "ProductMicroService", "ProductMicroService\ProductMicroService.csproj", "{E0FA1FE7-9C51-46FD-BAE3-25A3C599CB3C}"
EndProject
Project("{9A19103F-16F7-4668-BE54-9A1E7A4F7556}") = "Data", "Data\Data.csproj", "{6B56E256-7D7D-4996-8632-BE3750733B8C}"
EndProject
Project("{9A19103F-16F7-4668-BE54-9A1E7A4F7556}") = "Core", "Core\Core.csproj", "{6FD6FF9E-3E07-43B8-93C1-FEAB51671405}"
EndProject
Project("{9A19103F-16F7-4668-BE54-9A1E7A4F7556}") = "Services", "Services\Services.csproj", "{D7E592D9-89C4-4F16-A989-5D98F6E010A7}"
EndProject
Project("{FAE04EC0-301F-11D3-BF4B-00C04F79EFBC}") = "ProductWebMvc", "ProductWebMvc\ProductWebMvc.csproj", "{0CE2C47E-6AAD-4D0D-ACDE-ECF6D85D0E9F}"
EndProject
Global
	GlobalSection(SolutionConfigurationPlatforms) = preSolution
		Debug|Any CPU = Debug|Any CPU
		Release|Any CPU = Release|Any CPU
	EndGlobalSection
	GlobalSection(ProjectConfigurationPlatforms) = postSolution
		{E0FA1FE7-9C51-46FD-BAE3-25A3C599CB3C}.Debug|Any CPU.ActiveCfg = Debug|Any CPU
		{E0FA1FE7-9C51-46FD-BAE3-25A3C599CB3C}.Debug|Any CPU.Build.0 = Debug|Any CPU
		{E0FA1FE7-9C51-46FD-BAE3-25A3C599CB3C}.Release|Any CPU.ActiveCfg = Release|Any CPU
		{E0FA1FE7-9C51-46FD-BAE3-25A3C599CB3C}.Release|Any CPU.Build.0 = Release|Any CPU
		{6B56E256-7D7D-4996-8632-BE3750733B8C}.Debug|Any CPU.ActiveCfg = Debug|Any CPU
		{6B56E256-7D7D-4996-8632-BE3750733B8C}.Debug|Any CPU.Build.0 = Debug|Any CPU
		{6B56E256-7D7D-4996-8632-BE3750733B8C}.Release|Any CPU.ActiveCfg = Release|Any CPU
		{6B56E256-7D7D-4996-8632-BE3750733B8C}.Release|Any CPU.Build.0 = Release|Any CPU
		{6FD6FF9E-3E07-43B8-93C1-FEAB51671405}.Debug|Any CPU.ActiveCfg = Debug|Any CPU
		{6FD6FF9E-3E07-43B8-93C1-FEAB51671405}.Debug|Any CPU.Build.0 = Debug|Any CPU
		{6FD6FF9E-3E07-43B8-93C1-FEAB51671405}.Release|Any CPU.ActiveCfg = Release|Any CPU
		{6FD6FF9E-3E07-43B8-93C1-FEAB51671405}.Release|Any CPU.Build.0 = Release|Any CPU
		{D7E592D9-89C4-4F16-A989-5D98F6E010A7}.Debug|Any CPU.ActiveCfg = Debug|Any CPU
		{D7E592D9-89C4-4F16-A989-5D98F6E010A7}.Debug|Any CPU.Build.0 = Debug|Any CPU
		{D7E592D9-89C4-4F16-A989-5D98F6E010A7}.Release|Any CPU.ActiveCfg = Release|Any CPU
		{D7E592D9-89C4-4F16-A989-5D98F6E010A7}.Release|Any CPU.Build.0 = Release|Any CPU
		{0CE2C47E-6AAD-4D0D-ACDE-ECF6D85D0E9F}.Debug|Any CPU.ActiveCfg = Debug|Any CPU
		{0CE2C47E-6AAD-4D0D-ACDE-ECF6D85D0E9F}.Debug|Any CPU.Build.0 = Debug|Any CPU
		{0CE2C47E-6AAD-4D0D-ACDE-ECF6D85D0E9F}.Release|Any CPU.ActiveCfg = Release|Any CPU
		{0CE2C47E-6AAD-4D0D-ACDE-ECF6D85D0E9F}.Release|Any CPU.Build.0 = Release|Any CPU
	EndGlobalSection
	GlobalSection(SolutionProperties) = preSolution
		HideSolutionNode = FALSE
	EndGlobalSection
	GlobalSection(ExtensibilityGlobals) = postSolution
		SolutionGuid = {22F2E59B-FE1B-47C8-9AD6-6DC9F0457A27}
	EndGlobalSection
EndGlobal
